// !$*UTF8*$!
{
	archiveVersion = 1;
	classes = {
	};
	objectVersion = 46;
	objects = {

/* Begin PBXBuildFile section */
		852827551E74C54C008BE8B6 /* AppDelegate.swift in Sources */ = {isa = PBXBuildFile; fileRef = 852827541E74C54C008BE8B6 /* AppDelegate.swift */; };
		8528275A1E74C54C008BE8B6 /* Main.storyboard in Resources */ = {isa = PBXBuildFile; fileRef = 852827581E74C54C008BE8B6 /* Main.storyboard */; };
		8528275C1E74C54C008BE8B6 /* Assets.xcassets in Resources */ = {isa = PBXBuildFile; fileRef = 8528275B1E74C54C008BE8B6 /* Assets.xcassets */; };
		8528275F1E74C54C008BE8B6 /* LaunchScreen.storyboard in Resources */ = {isa = PBXBuildFile; fileRef = 8528275D1E74C54C008BE8B6 /* LaunchScreen.storyboard */; };
		85B46F411E75A08400AF59D0 /* LoginViewController.swift in Sources */ = {isa = PBXBuildFile; fileRef = 85B46F401E75A08400AF59D0 /* LoginViewController.swift */; };
		85B46F431E75ABE000AF59D0 /* RegisterViewController.swift in Sources */ = {isa = PBXBuildFile; fileRef = 85B46F421E75ABE000AF59D0 /* RegisterViewController.swift */; };
		85B46F451E7625B800AF59D0 /* HomeViewController.swift in Sources */ = {isa = PBXBuildFile; fileRef = 85B46F441E7625B800AF59D0 /* HomeViewController.swift */; };
		85B46F471E7625C400AF59D0 /* CaptureViewController.swift in Sources */ = {isa = PBXBuildFile; fileRef = 85B46F461E7625C400AF59D0 /* CaptureViewController.swift */; };
		85B46F491E7625CD00AF59D0 /* ProfileViewController.swift in Sources */ = {isa = PBXBuildFile; fileRef = 85B46F481E7625CD00AF59D0 /* ProfileViewController.swift */; };
		85B46F4D1E762EAB00AF59D0 /* Post.swift in Sources */ = {isa = PBXBuildFile; fileRef = 85B46F4C1E762EAB00AF59D0 /* Post.swift */; };
		85B46F4F1E772A0600AF59D0 /* InstagramPostTableViewCell.swift in Sources */ = {isa = PBXBuildFile; fileRef = 85B46F4E1E772A0600AF59D0 /* InstagramPostTableViewCell.swift */; };
		BB938408EBE3502C43162733 /* Pods_instagram_clone.framework in Frameworks */ = {isa = PBXBuildFile; fileRef = AD1DAED074845EC987BD3604 /* Pods_instagram_clone.framework */; };
/* End PBXBuildFile section */

/* Begin PBXFileReference section */
		161A83408CB7B624BA31B003 /* Pods-instagram-clone.debug.xcconfig */ = {isa = PBXFileReference; includeInIndex = 1; lastKnownFileType = text.xcconfig; name = "Pods-instagram-clone.debug.xcconfig"; path = "Pods/Target Support Files/Pods-instagram-clone/Pods-instagram-clone.debug.xcconfig"; sourceTree = "<group>"; };
		8193456B11F465B1288AFAA0 /* Pods-instagram-clone.release.xcconfig */ = {isa = PBXFileReference; includeInIndex = 1; lastKnownFileType = text.xcconfig; name = "Pods-instagram-clone.release.xcconfig"; path = "Pods/Target Support Files/Pods-instagram-clone/Pods-instagram-clone.release.xcconfig"; sourceTree = "<group>"; };
		852827511E74C54C008BE8B6 /* instagram-clone.app */ = {isa = PBXFileReference; explicitFileType = wrapper.application; includeInIndex = 0; path = "instagram-clone.app"; sourceTree = BUILT_PRODUCTS_DIR; };
		852827541E74C54C008BE8B6 /* AppDelegate.swift */ = {isa = PBXFileReference; lastKnownFileType = sourcecode.swift; path = AppDelegate.swift; sourceTree = "<group>"; };
		852827591E74C54C008BE8B6 /* Base */ = {isa = PBXFileReference; lastKnownFileType = file.storyboard; name = Base; path = Base.lproj/Main.storyboard; sourceTree = "<group>"; };
		8528275B1E74C54C008BE8B6 /* Assets.xcassets */ = {isa = PBXFileReference; lastKnownFileType = folder.assetcatalog; path = Assets.xcassets; sourceTree = "<group>"; };
		8528275E1E74C54C008BE8B6 /* Base */ = {isa = PBXFileReference; lastKnownFileType = file.storyboard; name = Base; path = Base.lproj/LaunchScreen.storyboard; sourceTree = "<group>"; };
		852827601E74C54C008BE8B6 /* Info.plist */ = {isa = PBXFileReference; lastKnownFileType = text.plist.xml; path = Info.plist; sourceTree = "<group>"; };
		85B46F401E75A08400AF59D0 /* LoginViewController.swift */ = {isa = PBXFileReference; fileEncoding = 4; lastKnownFileType = sourcecode.swift; path = LoginViewController.swift; sourceTree = "<group>"; };
		85B46F421E75ABE000AF59D0 /* RegisterViewController.swift */ = {isa = PBXFileReference; fileEncoding = 4; lastKnownFileType = sourcecode.swift; path = RegisterViewController.swift; sourceTree = "<group>"; };
		85B46F441E7625B800AF59D0 /* HomeViewController.swift */ = {isa = PBXFileReference; fileEncoding = 4; lastKnownFileType = sourcecode.swift; path = HomeViewController.swift; sourceTree = "<group>"; };
		85B46F461E7625C400AF59D0 /* CaptureViewController.swift */ = {isa = PBXFileReference; fileEncoding = 4; lastKnownFileType = sourcecode.swift; path = CaptureViewController.swift; sourceTree = "<group>"; };
		85B46F481E7625CD00AF59D0 /* ProfileViewController.swift */ = {isa = PBXFileReference; fileEncoding = 4; lastKnownFileType = sourcecode.swift; path = ProfileViewController.swift; sourceTree = "<group>"; };
		85B46F4C1E762EAB00AF59D0 /* Post.swift */ = {isa = PBXFileReference; fileEncoding = 4; lastKnownFileType = sourcecode.swift; path = Post.swift; sourceTree = "<group>"; };
		85B46F4E1E772A0600AF59D0 /* InstagramPostTableViewCell.swift */ = {isa = PBXFileReference; fileEncoding = 4; lastKnownFileType = sourcecode.swift; path = InstagramPostTableViewCell.swift; sourceTree = "<group>"; };
		AD1DAED074845EC987BD3604 /* Pods_instagram_clone.framework */ = {isa = PBXFileReference; explicitFileType = wrapper.framework; includeInIndex = 0; path = Pods_instagram_clone.framework; sourceTree = BUILT_PRODUCTS_DIR; };
/* End PBXFileReference section */

/* Begin PBXFrameworksBuildPhase section */
		8528274E1E74C54C008BE8B6 /* Frameworks */ = {
			isa = PBXFrameworksBuildPhase;
			buildActionMask = 2147483647;
			files = (
				BB938408EBE3502C43162733 /* Pods_instagram_clone.framework in Frameworks */,
			);
			runOnlyForDeploymentPostprocessing = 0;
		};
/* End PBXFrameworksBuildPhase section */

/* Begin PBXGroup section */
		852827481E74C54C008BE8B6 = {
			isa = PBXGroup;
			children = (
				852827531E74C54C008BE8B6 /* instagram-clone */,
				852827521E74C54C008BE8B6 /* Products */,
				B3E82630590D14A920018189 /* Pods */,
				978B98E434FB8505006D7F22 /* Frameworks */,
			);
			sourceTree = "<group>";
		};
		852827521E74C54C008BE8B6 /* Products */ = {
			isa = PBXGroup;
			children = (
				852827511E74C54C008BE8B6 /* instagram-clone.app */,
			);
			name = Products;
			sourceTree = "<group>";
		};
		852827531E74C54C008BE8B6 /* instagram-clone */ = {
			isa = PBXGroup;
			children = (
				852827691E74C5CF008BE8B6 /* Views */,
				852827681E74C583008BE8B6 /* Model */,
				852827661E74C55D008BE8B6 /* ViewControllers */,
				852827541E74C54C008BE8B6 /* AppDelegate.swift */,
				852827581E74C54C008BE8B6 /* Main.storyboard */,
				8528275B1E74C54C008BE8B6 /* Assets.xcassets */,
				8528275D1E74C54C008BE8B6 /* LaunchScreen.storyboard */,
				852827601E74C54C008BE8B6 /* Info.plist */,
			);
			path = "instagram-clone";
			sourceTree = "<group>";
		};
		852827661E74C55D008BE8B6 /* ViewControllers */ = {
			isa = PBXGroup;
			children = (
				85B46F401E75A08400AF59D0 /* LoginViewController.swift */,
				85B46F421E75ABE000AF59D0 /* RegisterViewController.swift */,
				85B46F441E7625B800AF59D0 /* HomeViewController.swift */,
				85B46F461E7625C400AF59D0 /* CaptureViewController.swift */,
				85B46F481E7625CD00AF59D0 /* ProfileViewController.swift */,
			);
			name = ViewControllers;
			sourceTree = "<group>";
		};
		852827681E74C583008BE8B6 /* Model */ = {
			isa = PBXGroup;
			children = (
				85B46F4C1E762EAB00AF59D0 /* Post.swift */,
			);
			name = Model;
			sourceTree = "<group>";
		};
		852827691E74C5CF008BE8B6 /* Views */ = {
			isa = PBXGroup;
			children = (
				85B46F4E1E772A0600AF59D0 /* InstagramPostTableViewCell.swift */,
			);
			name = Views;
			sourceTree = "<group>";
		};
		978B98E434FB8505006D7F22 /* Frameworks */ = {
			isa = PBXGroup;
			children = (
				AD1DAED074845EC987BD3604 /* Pods_instagram_clone.framework */,
			);
			name = Frameworks;
			sourceTree = "<group>";
		};
		B3E82630590D14A920018189 /* Pods */ = {
			isa = PBXGroup;
			children = (
				161A83408CB7B624BA31B003 /* Pods-instagram-clone.debug.xcconfig */,
				8193456B11F465B1288AFAA0 /* Pods-instagram-clone.release.xcconfig */,
			);
			name = Pods;
			sourceTree = "<group>";
		};
/* End PBXGroup section */

/* Begin PBXNativeTarget section */
		852827501E74C54C008BE8B6 /* instagram-clone */ = {
			isa = PBXNativeTarget;
			buildConfigurationList = 852827631E74C54C008BE8B6 /* Build configuration list for PBXNativeTarget "instagram-clone" */;
			buildPhases = (
				44B7A293F778CBBB74E24C44 /* [CP] Check Pods Manifest.lock */,
				8528274D1E74C54C008BE8B6 /* Sources */,
				8528274E1E74C54C008BE8B6 /* Frameworks */,
				8528274F1E74C54C008BE8B6 /* Resources */,
				358B8240FB7F4D66FACF44D9 /* [CP] Embed Pods Frameworks */,
				18DB381F2FCA1755F953AC81 /* [CP] Copy Pods Resources */,
			);
			buildRules = (
			);
			dependencies = (
			);
			name = "instagram-clone";
			productName = "instagram-clone";
			productReference = 852827511E74C54C008BE8B6 /* instagram-clone.app */;
			productType = "com.apple.product-type.application";
		};
/* End PBXNativeTarget section */

/* Begin PBXProject section */
		852827491E74C54C008BE8B6 /* Project object */ = {
			isa = PBXProject;
			attributes = {
				LastSwiftUpdateCheck = 0820;
				LastUpgradeCheck = 0820;
				ORGANIZATIONNAME = CS490;
				TargetAttributes = {
					852827501E74C54C008BE8B6 = {
						CreatedOnToolsVersion = 8.2.1;
						DevelopmentTeam = 5ZD762S758;
						ProvisioningStyle = Automatic;
					};
				};
			};
			buildConfigurationList = 8528274C1E74C54C008BE8B6 /* Build configuration list for PBXProject "instagram-clone" */;
			compatibilityVersion = "Xcode 3.2";
			developmentRegion = English;
			hasScannedForEncodings = 0;
			knownRegions = (
				en,
				Base,
			);
			mainGroup = 852827481E74C54C008BE8B6;
			productRefGroup = 852827521E74C54C008BE8B6 /* Products */;
			projectDirPath = "";
			projectRoot = "";
			targets = (
				852827501E74C54C008BE8B6 /* instagram-clone */,
			);
		};
/* End PBXProject section */

/* Begin PBXResourcesBuildPhase section */
		8528274F1E74C54C008BE8B6 /* Resources */ = {
			isa = PBXResourcesBuildPhase;
			buildActionMask = 2147483647;
			files = (
				8528275F1E74C54C008BE8B6 /* LaunchScreen.storyboard in Resources */,
				8528275C1E74C54C008BE8B6 /* Assets.xcassets in Resources */,
				8528275A1E74C54C008BE8B6 /* Main.storyboard in Resources */,
			);
			runOnlyForDeploymentPostprocessing = 0;
		};
/* End PBXResourcesBuildPhase section */

/* Begin PBXShellScriptBuildPhase section */
		18DB381F2FCA1755F953AC81 /* [CP] Copy Pods Resources */ = {
			isa = PBXShellScriptBuildPhase;
			buildActionMask = 2147483647;
			files = (
			);
			inputPaths = (
			);
			name = "[CP] Copy Pods Resources";
			outputPaths = (
			);
			runOnlyForDeploymentPostprocessing = 0;
			shellPath = /bin/sh;
			shellScript = "\"${SRCROOT}/Pods/Target Support Files/Pods-instagram-clone/Pods-instagram-clone-resources.sh\"\n";
			showEnvVarsInLog = 0;
		};
		358B8240FB7F4D66FACF44D9 /* [CP] Embed Pods Frameworks */ = {
			isa = PBXShellScriptBuildPhase;
			buildActionMask = 2147483647;
			files = (
			);
			inputPaths = (
			);
			name = "[CP] Embed Pods Frameworks";
			outputPaths = (
			);
			runOnlyForDeploymentPostprocessing = 0;
			shellPath = /bin/sh;
			shellScript = "\"${SRCROOT}/Pods/Target Support Files/Pods-instagram-clone/Pods-instagram-clone-frameworks.sh\"\n";
			showEnvVarsInLog = 0;
		};
		44B7A293F778CBBB74E24C44 /* [CP] Check Pods Manifest.lock */ = {
			isa = PBXShellScriptBuildPhase;
			buildActionMask = 2147483647;
			files = (
			);
			inputPaths = (
			);
			name = "[CP] Check Pods Manifest.lock";
			outputPaths = (
			);
			runOnlyForDeploymentPostprocessing = 0;
			shellPath = /bin/sh;
			shellScript = "diff \"${PODS_ROOT}/../Podfile.lock\" \"${PODS_ROOT}/Manifest.lock\" > /dev/null\nif [ $? != 0 ] ; then\n    # print error to STDERR\n    echo \"error: The sandbox is not in sync with the Podfile.lock. Run 'pod install' or update your CocoaPods installation.\" >&2\n    exit 1\nfi\n";
			showEnvVarsInLog = 0;
		};
/* End PBXShellScriptBuildPhase section */

/* Begin PBXSourcesBuildPhase section */
		8528274D1E74C54C008BE8B6 /* Sources */ = {
			isa = PBXSourcesBuildPhase;
			buildActionMask = 2147483647;
			files = (
				85B46F491E7625CD00AF59D0 /* ProfileViewController.swift in Sources */,
				85B46F431E75ABE000AF59D0 /* RegisterViewController.swift in Sources */,
				85B46F411E75A08400AF59D0 /* LoginViewController.swift in Sources */,
				852827551E74C54C008BE8B6 /* AppDelegate.swift in Sources */,
				85B46F4F1E772A0600AF59D0 /* InstagramPostTableViewCell.swift in Sources */,
				85B46F451E7625B800AF59D0 /* HomeViewController.swift in Sources */,
				85B46F4D1E762EAB00AF59D0 /* Post.swift in Sources */,
				85B46F471E7625C400AF59D0 /* CaptureViewController.swift in Sources */,
			);
			runOnlyForDeploymentPostprocessing = 0;
		};
/* End PBXSourcesBuildPhase section */

/* Begin PBXVariantGroup section */
		852827581E74C54C008BE8B6 /* Main.storyboard */ = {
			isa = PBXVariantGroup;
			children = (
				852827591E74C54C008BE8B6 /* Base */,
			);
			name = Main.storyboard;
			sourceTree = "<group>";
		};
		8528275D1E74C54C008BE8B6 /* LaunchScreen.storyboard */ = {
			isa = PBXVariantGroup;
			children = (
				8528275E1E74C54C008BE8B6 /* Base */,
			);
			name = LaunchScreen.storyboard;
			sourceTree = "<group>";
		};
/* End PBXVariantGroup section */

/* Begin XCBuildConfiguration section */
		852827611E74C54C008BE8B6 /* Debug */ = {
			isa = XCBuildConfiguration;
			buildSettings = {
				ALWAYS_SEARCH_USER_PATHS = NO;
				CLANG_ANALYZER_NONNULL = YES;
				CLANG_CXX_LANGUAGE_STANDARD = "gnu++0x";
				CLANG_CXX_LIBRARY = "libc++";
				CLANG_ENABLE_MODULES = YES;
				CLANG_ENABLE_OBJC_ARC = YES;
				CLANG_WARN_BOOL_CONVERSION = YES;
				CLANG_WARN_CONSTANT_CONVERSION = YES;
				CLANG_WARN_DIRECT_OBJC_ISA_USAGE = YES_ERROR;
				CLANG_WARN_DOCUMENTATION_COMMENTS = YES;
				CLANG_WARN_EMPTY_BODY = YES;
				CLANG_WARN_ENUM_CONVERSION = YES;
				CLANG_WARN_INFINITE_RECURSION = YES;
				CLANG_WARN_INT_CONVERSION = YES;
				CLANG_WARN_OBJC_ROOT_CLASS = YES_ERROR;
				CLANG_WARN_SUSPICIOUS_MOVE = YES;
				CLANG_WARN_UNREACHABLE_CODE = YES;
				CLANG_WARN__DUPLICATE_METHOD_MATCH = YES;
				"CODE_SIGN_IDENTITY[sdk=iphoneos*]" = "iPhone Developer";
				COPY_PHASE_STRIP = NO;
				DEBUG_INFORMATION_FORMAT = dwarf;
				ENABLE_STRICT_OBJC_MSGSEND = YES;
				ENABLE_TESTABILITY = YES;
				GCC_C_LANGUAGE_STANDARD = gnu99;
				GCC_DYNAMIC_NO_PIC = NO;
				GCC_NO_COMMON_BLOCKS = YES;
				GCC_OPTIMIZATION_LEVEL = 0;
				GCC_PREPROCESSOR_DEFINITIONS = (
					"DEBUG=1",
					"$(inherited)",
				);
				GCC_WARN_64_TO_32_BIT_CONVERSION = YES;
				GCC_WARN_ABOUT_RETURN_TYPE = YES_ERROR;
				GCC_WARN_UNDECLARED_SELECTOR = YES;
				GCC_WARN_UNINITIALIZED_AUTOS = YES_AGGRESSIVE;
				GCC_WARN_UNUSED_FUNCTION = YES;
				GCC_WARN_UNUSED_VARIABLE = YES;
				IPHONEOS_DEPLOYMENT_TARGET = 10.2;
				MTL_ENABLE_DEBUG_INFO = YES;
				ONLY_ACTIVE_ARCH = YES;
				SDKROOT = iphoneos;
				SWIFT_ACTIVE_COMPILATION_CONDITIONS = DEBUG;
				SWIFT_OPTIMIZATION_LEVEL = "-Onone";
			};
			name = Debug;
		};
		852827621E74C54C008BE8B6 /* Release */ = {
			isa = XCBuildConfiguration;
			buildSettings = {
				ALWAYS_SEARCH_USER_PATHS = NO;
				CLANG_ANALYZER_NONNULL = YES;
				CLANG_CXX_LANGUAGE_STANDARD = "gnu++0x";
				CLANG_CXX_LIBRARY = "libc++";
				CLANG_ENABLE_MODULES = YES;
				CLANG_ENABLE_OBJC_ARC = YES;
				CLANG_WARN_BOOL_CONVERSION = YES;
				CLANG_WARN_CONSTANT_CONVERSION = YES;
				CLANG_WARN_DIRECT_OBJC_ISA_USAGE = YES_ERROR;
				CLANG_WARN_DOCUMENTATION_COMMENTS = YES;
				CLANG_WARN_EMPTY_BODY = YES;
				CLANG_WARN_ENUM_CONVERSION = YES;
				CLANG_WARN_INFINITE_RECURSION = YES;
				CLANG_WARN_INT_CONVERSION = YES;
				CLANG_WARN_OBJC_ROOT_CLASS = YES_ERROR;
				CLANG_WARN_SUSPICIOUS_MOVE = YES;
				CLANG_WARN_UNREACHABLE_CODE = YES;
				CLANG_WARN__DUPLICATE_METHOD_MATCH = YES;
				"CODE_SIGN_IDENTITY[sdk=iphoneos*]" = "iPhone Developer";
				COPY_PHASE_STRIP = NO;
				DEBUG_INFORMATION_FORMAT = "dwarf-with-dsym";
				ENABLE_NS_ASSERTIONS = NO;
				ENABLE_STRICT_OBJC_MSGSEND = YES;
				GCC_C_LANGUAGE_STANDARD = gnu99;
				GCC_NO_COMMON_BLOCKS = YES;
				GCC_WARN_64_TO_32_BIT_CONVERSION = YES;
				GCC_WARN_ABOUT_RETURN_TYPE = YES_ERROR;
				GCC_WARN_UNDECLARED_SELECTOR = YES;
				GCC_WARN_UNINITIALIZED_AUTOS = YES_AGGRESSIVE;
				GCC_WARN_UNUSED_FUNCTION = YES;
				GCC_WARN_UNUSED_VARIABLE = YES;
				IPHONEOS_DEPLOYMENT_TARGET = 10.2;
				MTL_ENABLE_DEBUG_INFO = NO;
				SDKROOT = iphoneos;
				SWIFT_OPTIMIZATION_LEVEL = "-Owholemodule";
				VALIDATE_PRODUCT = YES;
			};
			name = Release;
		};
		852827641E74C54C008BE8B6 /* Debug */ = {
			isa = XCBuildConfiguration;
			baseConfigurationReference = 161A83408CB7B624BA31B003 /* Pods-instagram-clone.debug.xcconfig */;
			buildSettings = {
				ASSETCATALOG_COMPILER_APPICON_NAME = AppIcon;
				DEVELOPMENT_TEAM = 5ZD762S758;
				INFOPLIST_FILE = "instagram-clone/Info.plist";
				LD_RUNPATH_SEARCH_PATHS = "$(inherited) @executable_path/Frameworks";
				PRODUCT_BUNDLE_IDENTIFIER = "com.CS490.instagram-clone";
				PRODUCT_NAME = "$(TARGET_NAME)";
				SWIFT_VERSION = 3.0;
			};
			name = Debug;
		};
		852827651E74C54C008BE8B6 /* Release */ = {
			isa = XCBuildConfiguration;
			baseConfigurationReference = 8193456B11F465B1288AFAA0 /* Pods-instagram-clone.release.xcconfig */;
			buildSettings = {
				ASSETCATALOG_COMPILER_APPICON_NAME = AppIcon;
				DEVELOPMENT_TEAM = 5ZD762S758;
				INFOPLIST_FILE = "instagram-clone/Info.plist";
				LD_RUNPATH_SEARCH_PATHS = "$(inherited) @executable_path/Frameworks";
				PRODUCT_BUNDLE_IDENTIFIER = "com.CS490.instagram-clone";
				PRODUCT_NAME = "$(TARGET_NAME)";
				SWIFT_VERSION = 3.0;
			};
			name = Release;
		};
/* End XCBuildConfiguration section */

/* Begin XCConfigurationList section */
		8528274C1E74C54C008BE8B6 /* Build configuration list for PBXProject "instagram-clone" */ = {
			isa = XCConfigurationList;
			buildConfigurations = (
				852827611E74C54C008BE8B6 /* Debug */,
				852827621E74C54C008BE8B6 /* Release */,
			);
			defaultConfigurationIsVisible = 0;
			defaultConfigurationName = Release;
		};
		852827631E74C54C008BE8B6 /* Build configuration list for PBXNativeTarget "instagram-clone" */ = {
			isa = XCConfigurationList;
			buildConfigurations = (
				852827641E74C54C008BE8B6 /* Debug */,
				852827651E74C54C008BE8B6 /* Release */,
			);
			defaultConfigurationIsVisible = 0;
			defaultConfigurationName = Release;
		};
/* End XCConfigurationList section */
	};
	rootObject = 852827491E74C54C008BE8B6 /* Project object */;
}
